
Microsoft Visual Studio Solution File, Format Version 12.00
# Visual Studio Version 17
VisualStudioVersion = 17.10.35013.160
MinimumVisualStudioVersion = 10.0.40219.1
Project("{FAE04EC0-301F-11D3-BF4B-00C04F79EFBC}") = "firstMVCApp", "firstMVCApp.csproj", "{68FE2A9F-419B-49B1-92EF-D9E72699EE38}"
EndProject
Global
	GlobalSection(SolutionConfigurationPlatforms) = preSolution
		Debug|Any CPU = Debug|Any CPU
		Release|Any CPU = Release|Any CPU
	EndGlobalSection
	GlobalSection(ProjectConfigurationPlatforms) = postSolution
		{68FE2A9F-419B-49B1-92EF-D9E72699EE38}.Debug|Any CPU.ActiveCfg = Debug|Any CPU
		{68FE2A9F-419B-49B1-92EF-D9E72699EE38}.Debug|Any CPU.Build.0 = Debug|Any CPU
		{68FE2A9F-419B-49B1-92EF-D9E72699EE38}.Release|Any CPU.ActiveCfg = Release|Any CPU
		{68FE2A9F-419B-49B1-92EF-D9E72699EE38}.Release|Any CPU.Build.0 = Release|Any CPU
	EndGlobalSection
	GlobalSection(SolutionProperties) = preSolution
		HideSolutionNode = FALSE
	EndGlobalSection
	GlobalSection(ExtensibilityGlobals) = postSolution
		SolutionGuid = {D234AA99-0FA1-42DA-AB6F-9E4CA6D1FD6B}
	EndGlobalSection
EndGlobal
