
Microsoft Visual Studio Solution File, Format Version 12.00
# Visual Studio Version 17
VisualStudioVersion = 17.10.35013.160
MinimumVisualStudioVersion = 10.0.40219.1
Project("{FAE04EC0-301F-11D3-BF4B-00C04F79EFBC}") = "Lab_3", "Lab_3.csproj", "{D2D68428-3B38-4826-BE40-6779F31796A0}"
EndProject
Project("{FAE04EC0-301F-11D3-BF4B-00C04F79EFBC}") = "temp", "..\temp\temp.csproj", "{2E0A9D4C-E313-4D05-A405-99D3960A102B}"
EndProject
Global
	GlobalSection(SolutionConfigurationPlatforms) = preSolution
		Debug|Any CPU = Debug|Any CPU
		Release|Any CPU = Release|Any CPU
	EndGlobalSection
	GlobalSection(ProjectConfigurationPlatforms) = postSolution
		{D2D68428-3B38-4826-BE40-6779F31796A0}.Debug|Any CPU.ActiveCfg = Debug|Any CPU
		{D2D68428-3B38-4826-BE40-6779F31796A0}.Debug|Any CPU.Build.0 = Debug|Any CPU
		{D2D68428-3B38-4826-BE40-6779F31796A0}.Release|Any CPU.ActiveCfg = Release|Any CPU
		{D2D68428-3B38-4826-BE40-6779F31796A0}.Release|Any CPU.Build.0 = Release|Any CPU
		{2E0A9D4C-E313-4D05-A405-99D3960A102B}.Debug|Any CPU.ActiveCfg = Debug|Any CPU
		{2E0A9D4C-E313-4D05-A405-99D3960A102B}.Debug|Any CPU.Build.0 = Debug|Any CPU
		{2E0A9D4C-E313-4D05-A405-99D3960A102B}.Release|Any CPU.ActiveCfg = Release|Any CPU
		{2E0A9D4C-E313-4D05-A405-99D3960A102B}.Release|Any CPU.Build.0 = Release|Any CPU
	EndGlobalSection
	GlobalSection(SolutionProperties) = preSolution
		HideSolutionNode = FALSE
	EndGlobalSection
	GlobalSection(ExtensibilityGlobals) = postSolution
		SolutionGuid = {7F085387-DAAA-4006-AC42-389E58D0B692}
	EndGlobalSection
EndGlobal
