
Microsoft Visual Studio Solution File, Format Version 12.00
# Visual Studio Version 17
VisualStudioVersion = 17.10.35004.147
MinimumVisualStudioVersion = 10.0.40219.1
Project("{FAE04EC0-301F-11D3-BF4B-00C04F79EFBC}") = "Project_1", "Project_1.csproj", "{4501918F-9565-4E17-8A3B-C233931A6A49}"
EndProject
Global
	GlobalSection(SolutionConfigurationPlatforms) = preSolution
		Debug|Any CPU = Debug|Any CPU
		Release|Any CPU = Release|Any CPU
	EndGlobalSection
	GlobalSection(ProjectConfigurationPlatforms) = postSolution
		{4501918F-9565-4E17-8A3B-C233931A6A49}.Debug|Any CPU.ActiveCfg = Debug|Any CPU
		{4501918F-9565-4E17-8A3B-C233931A6A49}.Debug|Any CPU.Build.0 = Debug|Any CPU
		{4501918F-9565-4E17-8A3B-C233931A6A49}.Release|Any CPU.ActiveCfg = Release|Any CPU
		{4501918F-9565-4E17-8A3B-C233931A6A49}.Release|Any CPU.Build.0 = Release|Any CPU
	EndGlobalSection
	GlobalSection(SolutionProperties) = preSolution
		HideSolutionNode = FALSE
	EndGlobalSection
	GlobalSection(ExtensibilityGlobals) = postSolution
		SolutionGuid = {1314285C-374C-498B-BFEA-505F881C5C46}
	EndGlobalSection
EndGlobal
